
Microsoft Visual Studio Solution File, Format Version 11.00
# Visual Studio 2010
Project("{54435603-DBB4-11D2-8724-00A0C9A8B90C}") = "Setup2", "Setup2\Setup2.vdproj", "{90C40083-F31B-471E-A090-CC65106F5F5F}"
EndProject
Global
	GlobalSection(SolutionConfigurationPlatforms) = preSolution
		Debug|Default = Debug|Default
		Release|Default = Release|Default
	EndGlobalSection
	GlobalSection(ProjectConfigurationPlatforms) = postSolution
		{90C40083-F31B-471E-A090-CC65106F5F5F}.Debug|Default.ActiveCfg = Debug
		{90C40083-F31B-471E-A090-CC65106F5F5F}.Debug|Default.Build.0 = Debug
		{90C40083-F31B-471E-A090-CC65106F5F5F}.Release|Default.ActiveCfg = Release
		{90C40083-F31B-471E-A090-CC65106F5F5F}.Release|Default.Build.0 = Release
	EndGlobalSection
	GlobalSection(SolutionProperties) = preSolution
		HideSolutionNode = FALSE
	EndGlobalSection
EndGlobal
